
Microsoft Visual Studio Solution File, Format Version 11.00
# Visual Studio 2010
Project("{2150E333-8FDC-42A3-9474-1A3956D46DE8}") = "Solution Items", "Solution Items", "{30226821-A0F1-4D73-ADC0-7E43644BDA42}"
	ProjectSection(SolutionItems) = preProject
		binkd-client.php = binkd-client.php
		binkd-contest.php = binkd-contest.php
		binkd.png = binkd.png
		readme.txt = readme.txt
	EndProjectSection
EndProject
Global
	GlobalSection(SubversionScc) = preSolution
		Svn-Managed = True
		Manager = AnkhSVN - Subversion Support for Visual Studio
	EndGlobalSection
	GlobalSection(SolutionProperties) = preSolution
		HideSolutionNode = FALSE
	EndGlobalSection
EndGlobal
